hash: 98beb101061709fc0d40f79c7b3e455b7b3504ba309015a64b6316fe4147a958
updated: 2017-02-07T14:33:26.796502442-05:00
imports:
- name: github.com/DATA-DOG/godog
  version: 2e189ad0f9dee046e42bb5f04a7ec5e91ec0700e
  subpackages:
  - colors
  - gherkin
- name: github.com/Jeffail/gabs
  version: 2a3aa15961d5fee6047b8151b67ac2f08ba2c48c
- name: github.com/kr/pretty
  version: cfb55aafdaf3ec08f0db22699ab822c50091b1c4
  repo: https://github.com/kr/pretty
- name: github.com/kr/text
  version: 7cafcd837844e784b526369c9bce262804aebc60
- name: github.com/smartystreets/assertions
  version: e9a2f6771d97c709b2f7609fdf89ebde8b64c926
  subpackages:
  - internal/go-render/render
  - internal/oglematchers
- name: github.com/y0ssar1an/q
  version: db103d45e32e82600bba8f8a55caf8cf77f4aa28
testImports: []
