hash: a6780653aa7c959d79e7d7f1b82936a70471ef4ec7848a6e1e7bf41e0c39bf70
updated: 2017-03-09T17:09:34.829211804-05:00
imports:
- name: github.com/DATA-DOG/godog
  version: cf8fbb4ad0d5fab464a5c9b79abbcfbd7c27e85b
  subpackages:
  - colors
  - gherkin
- name: github.com/davecgh/go-spew
  version: 346938d642f2ec3594ed81d874461961cd0faa76
  subpackages:
  - spew
- name: github.com/Jeffail/gabs
  version: 2a3aa15961d5fee6047b8151b67ac2f08ba2c48c
- name: github.com/smartystreets/assertions
  version: e9a2f6771d97c709b2f7609fdf89ebde8b64c926
  subpackages:
  - internal/go-render/render
  - internal/oglematchers
testImports: []
